Microsoft Visual Studio Solution File, Format Version 12.00
# Visual Studio Version 17
VisualStudioVersion = 17.5.2.0
MinimumVisualStudioVersion = 10.0.40219.1
Project("{FAE04EC0-301F-11D3-BF4B-00C04F79EFBC}") = "employee-mgmt-system", "employee-mgmt-system.csproj", "{EC697D3E-D6F0-DE74-CBD8-80F33859ABE7}"
EndProject
Global
	GlobalSection(SolutionConfigurationPlatforms) = preSolution
		Debug|Any CPU = Debug|Any CPU
		Release|Any CPU = Release|Any CPU
	EndGlobalSection
	GlobalSection(ProjectConfigurationPlatforms) = postSolution
		{EC697D3E-D6F0-DE74-CBD8-80F33859ABE7}.Debug|Any CPU.ActiveCfg = Debug|Any CPU
		{EC697D3E-D6F0-DE74-CBD8-80F33859ABE7}.Debug|Any CPU.Build.0 = Debug|Any CPU
		{EC697D3E-D6F0-DE74-CBD8-80F33859ABE7}.Release|Any CPU.ActiveCfg = Release|Any CPU
		{EC697D3E-D6F0-DE74-CBD8-80F33859ABE7}.Release|Any CPU.Build.0 = Release|Any CPU
	EndGlobalSection
	GlobalSection(SolutionProperties) = preSolution
		HideSolutionNode = FALSE
	EndGlobalSection
	GlobalSection(ExtensibilityGlobals) = postSolution
		SolutionGuid = {3ED23723-5DDA-441C-8C8C-42EBAFC4C6C6}
	EndGlobalSection
EndGlobal
